// !$*UTF8*$!
{
	archiveVersion = 1;
	classes = {
	};
	objectVersion = 56;
	objects = {

/* Begin PBXBuildFile section */
		CD27A4042B21DEA700815712 /* CoinError.swift in Sources */ = {isa = PBXBuildFile; fileRef = CD27A4032B21DEA700815712 /* CoinError.swift */; };
		CD43752C2B0DFF7A00B2F069 /* CryptoCurrencyApp.swift in Sources */ = {isa = PBXBuildFile; fileRef = CD43752B2B0DFF7A00B2F069 /* CryptoCurrencyApp.swift */; };
		CD43752E2B0DFF7A00B2F069 /* HomeView.swift in Sources */ = {isa = PBXBuildFile; fileRef = CD43752D2B0DFF7A00B2F069 /* HomeView.swift */; };
		CD4375302B0DFF7B00B2F069 /* Assets.xcassets in Resources */ = {isa = PBXBuildFile; fileRef = CD43752F2B0DFF7B00B2F069 /* Assets.xcassets */; };
		CD4375332B0DFF7B00B2F069 /* Preview Assets.xcassets in Resources */ = {isa = PBXBuildFile; fileRef = CD4375322B0DFF7B00B2F069 /* Preview Assets.xcassets */; };
		CD4375422B0E2A5E00B2F069 /* TopMoversView.swift in Sources */ = {isa = PBXBuildFile; fileRef = CD4375412B0E2A5E00B2F069 /* TopMoversView.swift */; };
		CD4375442B0E2A9F00B2F069 /* TopMoversItemView.swift in Sources */ = {isa = PBXBuildFile; fileRef = CD4375432B0E2A9F00B2F069 /* TopMoversItemView.swift */; };
		CD4375462B0E34CC00B2F069 /* AllCoinsView.swift in Sources */ = {isa = PBXBuildFile; fileRef = CD4375452B0E34CC00B2F069 /* AllCoinsView.swift */; };
		CD4375482B0E34E800B2F069 /* CoinRowView.swift in Sources */ = {isa = PBXBuildFile; fileRef = CD4375472B0E34E800B2F069 /* CoinRowView.swift */; };
		CD43754A2B0E4D9100B2F069 /* HomeViewModel.swift in Sources */ = {isa = PBXBuildFile; fileRef = CD4375492B0E4D9100B2F069 /* HomeViewModel.swift */; };
		CD43754C2B0E551C00B2F069 /* Coin.swift in Sources */ = {isa = PBXBuildFile; fileRef = CD43754B2B0E551C00B2F069 /* Coin.swift */; };
		CD43754F2B0E740000B2F069 /* Kingfisher in Frameworks */ = {isa = PBXBuildFile; productRef = CD43754E2B0E740000B2F069 /* Kingfisher */; };
		CD4375512B0E800E00B2F069 /* Double.swift in Sources */ = {isa = PBXBuildFile; fileRef = CD4375502B0E800E00B2F069 /* Double.swift */; };
/* End PBXBuildFile section */

/* Begin PBXFileReference section */
		CD27A4032B21DEA700815712 /* CoinError.swift */ = {isa = PBXFileReference; lastKnownFileType = sourcecode.swift; path = CoinError.swift; sourceTree = "<group>"; };
		CD4375282B0DFF7A00B2F069 /* CryptoCurrency.app */ = {isa = PBXFileReference; explicitFileType = wrapper.application; includeInIndex = 0; path = CryptoCurrency.app; sourceTree = BUILT_PRODUCTS_DIR; };
		CD43752B2B0DFF7A00B2F069 /* CryptoCurrencyApp.swift */ = {isa = PBXFileReference; lastKnownFileType = sourcecode.swift; path = CryptoCurrencyApp.swift; sourceTree = "<group>"; };
		CD43752D2B0DFF7A00B2F069 /* HomeView.swift */ = {isa = PBXFileReference; lastKnownFileType = sourcecode.swift; path = HomeView.swift; sourceTree = "<group>"; };
		CD43752F2B0DFF7B00B2F069 /* Assets.xcassets */ = {isa = PBXFileReference; lastKnownFileType = folder.assetcatalog; path = Assets.xcassets; sourceTree = "<group>"; };
		CD4375322B0DFF7B00B2F069 /* Preview Assets.xcassets */ = {isa = PBXFileReference; lastKnownFileType = folder.assetcatalog; path = "Preview Assets.xcassets"; sourceTree = "<group>"; };
		CD4375412B0E2A5E00B2F069 /* TopMoversView.swift */ = {isa = PBXFileReference; lastKnownFileType = sourcecode.swift; path = TopMoversView.swift; sourceTree = "<group>"; };
		CD4375432B0E2A9F00B2F069 /* TopMoversItemView.swift */ = {isa = PBXFileReference; lastKnownFileType = sourcecode.swift; path = TopMoversItemView.swift; sourceTree = "<group>"; };
		CD4375452B0E34CC00B2F069 /* AllCoinsView.swift */ = {isa = PBXFileReference; lastKnownFileType = sourcecode.swift; path = AllCoinsView.swift; sourceTree = "<group>"; };
		CD4375472B0E34E800B2F069 /* CoinRowView.swift */ = {isa = PBXFileReference; lastKnownFileType = sourcecode.swift; path = CoinRowView.swift; sourceTree = "<group>"; };
		CD4375492B0E4D9100B2F069 /* HomeViewModel.swift */ = {isa = PBXFileReference; lastKnownFileType = sourcecode.swift; path = HomeViewModel.swift; sourceTree = "<group>"; };
		CD43754B2B0E551C00B2F069 /* Coin.swift */ = {isa = PBXFileReference; lastKnownFileType = sourcecode.swift; path = Coin.swift; sourceTree = "<group>"; };
		CD4375502B0E800E00B2F069 /* Double.swift */ = {isa = PBXFileReference; lastKnownFileType = sourcecode.swift; path = Double.swift; sourceTree = "<group>"; };
/* End PBXFileReference section */

/* Begin PBXFrameworksBuildPhase section */
		CD4375252B0DFF7A00B2F069 /* Frameworks */ = {
			isa = PBXFrameworksBuildPhase;
			buildActionMask = 2147483647;
			files = (
				CD43754F2B0E740000B2F069 /* Kingfisher in Frameworks */,
			);
			runOnlyForDeploymentPostprocessing = 0;
		};
/* End PBXFrameworksBuildPhase section */

/* Begin PBXGroup section */
		CD43751F2B0DFF7A00B2F069 = {
			isa = PBXGroup;
			children = (
				CD43752A2B0DFF7A00B2F069 /* CryptoCurrency */,
				CD4375292B0DFF7A00B2F069 /* Products */,
			);
			sourceTree = "<group>";
		};
		CD4375292B0DFF7A00B2F069 /* Products */ = {
			isa = PBXGroup;
			children = (
				CD4375282B0DFF7A00B2F069 /* CryptoCurrency.app */,
			);
			name = Products;
			sourceTree = "<group>";
		};
		CD43752A2B0DFF7A00B2F069 /* CryptoCurrency */ = {
			isa = PBXGroup;
			children = (
				CD43753D2B0E022E00B2F069 /* App */,
				CD43753C2B0E022700B2F069 /* Core */,
				CD43753B2B0E022300B2F069 /* Extensions */,
				CD43753A2B0E021600B2F069 /* Model */,
				CD4375392B0E021100B2F069 /* Utils */,
				CD43752F2B0DFF7B00B2F069 /* Assets.xcassets */,
				CD4375312B0DFF7B00B2F069 /* Preview Content */,
			);
			path = CryptoCurrency;
			sourceTree = "<group>";
		};
		CD4375312B0DFF7B00B2F069 /* Preview Content */ = {
			isa = PBXGroup;
			children = (
				CD4375322B0DFF7B00B2F069 /* Preview Assets.xcassets */,
			);
			path = "Preview Content";
			sourceTree = "<group>";
		};
		CD4375392B0E021100B2F069 /* Utils */ = {
			isa = PBXGroup;
			children = (
			);
			path = Utils;
			sourceTree = "<group>";
		};
		CD43753A2B0E021600B2F069 /* Model */ = {
			isa = PBXGroup;
			children = (
				CD43754B2B0E551C00B2F069 /* Coin.swift */,
				CD27A4032B21DEA700815712 /* CoinError.swift */,
			);
			path = Model;
			sourceTree = "<group>";
		};
		CD43753B2B0E022300B2F069 /* Extensions */ = {
			isa = PBXGroup;
			children = (
				CD4375502B0E800E00B2F069 /* Double.swift */,
			);
			path = Extensions;
			sourceTree = "<group>";
		};
		CD43753C2B0E022700B2F069 /* Core */ = {
			isa = PBXGroup;
			children = (
				CD43753E2B0E032500B2F069 /* Home */,
			);
			path = Core;
			sourceTree = "<group>";
		};
		CD43753D2B0E022E00B2F069 /* App */ = {
			isa = PBXGroup;
			children = (
				CD43752B2B0DFF7A00B2F069 /* CryptoCurrencyApp.swift */,
			);
			path = App;
			sourceTree = "<group>";
		};
		CD43753E2B0E032500B2F069 /* Home */ = {
			isa = PBXGroup;
			children = (
				CD43753F2B0E040C00B2F069 /* Views */,
				CD4375402B0E041A00B2F069 /* ViewModel */,
			);
			path = Home;
			sourceTree = "<group>";
		};
		CD43753F2B0E040C00B2F069 /* Views */ = {
			isa = PBXGroup;
			children = (
				CD43752D2B0DFF7A00B2F069 /* HomeView.swift */,
				CD4375472B0E34E800B2F069 /* CoinRowView.swift */,
				CD4375412B0E2A5E00B2F069 /* TopMoversView.swift */,
				CD4375432B0E2A9F00B2F069 /* TopMoversItemView.swift */,
				CD4375452B0E34CC00B2F069 /* AllCoinsView.swift */,
			);
			path = Views;
			sourceTree = "<group>";
		};
		CD4375402B0E041A00B2F069 /* ViewModel */ = {
			isa = PBXGroup;
			children = (
				CD4375492B0E4D9100B2F069 /* HomeViewModel.swift */,
			);
			path = ViewModel;
			sourceTree = "<group>";
		};
/* End PBXGroup section */

/* Begin PBXNativeTarget section */
		CD4375272B0DFF7A00B2F069 /* CryptoCurrency */ = {
			isa = PBXNativeTarget;
			buildConfigurationList = CD4375362B0DFF7B00B2F069 /* Build configuration list for PBXNativeTarget "CryptoCurrency" */;
			buildPhases = (
				CD4375242B0DFF7A00B2F069 /* Sources */,
				CD4375252B0DFF7A00B2F069 /* Frameworks */,
				CD4375262B0DFF7A00B2F069 /* Resources */,
			);
			buildRules = (
			);
			dependencies = (
			);
			name = CryptoCurrency;
			packageProductDependencies = (
				CD43754E2B0E740000B2F069 /* Kingfisher */,
			);
			productName = CryptoCurrency;
			productReference = CD4375282B0DFF7A00B2F069 /* CryptoCurrency.app */;
			productType = "com.apple.product-type.application";
		};
/* End PBXNativeTarget section */

/* Begin PBXProject section */
		CD4375202B0DFF7A00B2F069 /* Project object */ = {
			isa = PBXProject;
			attributes = {
				BuildIndependentTargetsInParallel = 1;
				LastSwiftUpdateCheck = 1500;
				LastUpgradeCheck = 1500;
				TargetAttributes = {
					CD4375272B0DFF7A00B2F069 = {
						CreatedOnToolsVersion = 15.0.1;
					};
				};
			};
			buildConfigurationList = CD4375232B0DFF7A00B2F069 /* Build configuration list for PBXProject "CryptoCurrency" */;
			compatibilityVersion = "Xcode 14.0";
			developmentRegion = en;
			hasScannedForEncodings = 0;
			knownRegions = (
				en,
				Base,
			);
			mainGroup = CD43751F2B0DFF7A00B2F069;
			packageReferences = (
				CD43754D2B0E740000B2F069 /* XCRemoteSwiftPackageReference "Kingfisher" */,
			);
			productRefGroup = CD4375292B0DFF7A00B2F069 /* Products */;
			projectDirPath = "";
			projectRoot = "";
			targets = (
				CD4375272B0DFF7A00B2F069 /* CryptoCurrency */,
			);
		};
/* End PBXProject section */

/* Begin PBXResourcesBuildPhase section */
		CD4375262B0DFF7A00B2F069 /* Resources */ = {
			isa = PBXResourcesBuildPhase;
			buildActionMask = 2147483647;
			files = (
				CD4375332B0DFF7B00B2F069 /* Preview Assets.xcassets in Resources */,
				CD4375302B0DFF7B00B2F069 /* Assets.xcassets in Resources */,
			);
			runOnlyForDeploymentPostprocessing = 0;
		};
/* End PBXResourcesBuildPhase section */

/* Begin PBXSourcesBuildPhase section */
		CD4375242B0DFF7A00B2F069 /* Sources */ = {
			isa = PBXSourcesBuildPhase;
			buildActionMask = 2147483647;
			files = (
				CD4375482B0E34E800B2F069 /* CoinRowView.swift in Sources */,
				CD43752E2B0DFF7A00B2F069 /* HomeView.swift in Sources */,
				CD43754A2B0E4D9100B2F069 /* HomeViewModel.swift in Sources */,
				CD4375422B0E2A5E00B2F069 /* TopMoversView.swift in Sources */,
				CD4375462B0E34CC00B2F069 /* AllCoinsView.swift in Sources */,
				CD43752C2B0DFF7A00B2F069 /* CryptoCurrencyApp.swift in Sources */,
				CD43754C2B0E551C00B2F069 /* Coin.swift in Sources */,
				CD4375512B0E800E00B2F069 /* Double.swift in Sources */,
				CD27A4042B21DEA700815712 /* CoinError.swift in Sources */,
				CD4375442B0E2A9F00B2F069 /* TopMoversItemView.swift in Sources */,
			);
			runOnlyForDeploymentPostprocessing = 0;
		};
/* End PBXSourcesBuildPhase section */

/* Begin XCBuildConfiguration section */
		CD4375342B0DFF7B00B2F069 /* Debug */ = {
			isa = XCBuildConfiguration;
			buildSettings = {
				ALWAYS_SEARCH_USER_PATHS = NO;
				ASSETCATALOG_COMPILER_GENERATE_SWIFT_ASSET_SYMBOL_EXTENSIONS = YES;
				CLANG_ANALYZER_NONNULL = YES;
				CLANG_ANALYZER_NUMBER_OBJECT_CONVERSION = YES_AGGRESSIVE;
				CLANG_CXX_LANGUAGE_STANDARD = "gnu++20";
				CLANG_ENABLE_MODULES = YES;
				CLANG_ENABLE_OBJC_ARC = YES;
				CLANG_ENABLE_OBJC_WEAK = YES;
				CLANG_WARN_BLOCK_CAPTURE_AUTORELEASING = YES;
				CLANG_WARN_BOOL_CONVERSION = YES;
				CLANG_WARN_COMMA = YES;
				CLANG_WARN_CONSTANT_CONVERSION = YES;
				CLANG_WARN_DEPRECATED_OBJC_IMPLEMENTATIONS = YES;
				CLANG_WARN_DIRECT_OBJC_ISA_USAGE = YES_ERROR;
				CLANG_WARN_DOCUMENTATION_COMMENTS = YES;
				CLANG_WARN_EMPTY_BODY = YES;
				CLANG_WARN_ENUM_CONVERSION = YES;
				CLANG_WARN_INFINITE_RECURSION = YES;
				CLANG_WARN_INT_CONVERSION = YES;
				CLANG_WARN_NON_LITERAL_NULL_CONVERSION = YES;
				CLANG_WARN_OBJC_IMPLICIT_RETAIN_SELF = YES;
				CLANG_WARN_OBJC_LITERAL_CONVERSION = YES;
				CLANG_WARN_OBJC_ROOT_CLASS = YES_ERROR;
				CLANG_WARN_QUOTED_INCLUDE_IN_FRAMEWORK_HEADER = YES;
				CLANG_WARN_RANGE_LOOP_ANALYSIS = YES;
				CLANG_WARN_STRICT_PROTOTYPES = YES;
				CLANG_WARN_SUSPICIOUS_MOVE = YES;
				CLANG_WARN_UNGUARDED_AVAILABILITY = YES_AGGRESSIVE;
				CLANG_WARN_UNREACHABLE_CODE = YES;
				CLANG_WARN__DUPLICATE_METHOD_MATCH = YES;
				COPY_PHASE_STRIP = NO;
				DEBUG_INFORMATION_FORMAT = dwarf;
				ENABLE_STRICT_OBJC_MSGSEND = YES;
				ENABLE_TESTABILITY = YES;
				ENABLE_USER_SCRIPT_SANDBOXING = YES;
				GCC_C_LANGUAGE_STANDARD = gnu17;
				GCC_DYNAMIC_NO_PIC = NO;
				GCC_NO_COMMON_BLOCKS = YES;
				GCC_OPTIMIZATION_LEVEL = 0;
				GCC_PREPROCESSOR_DEFINITIONS = (
					"DEBUG=1",
					"$(inherited)",
				);
				GCC_WARN_64_TO_32_BIT_CONVERSION = YES;
				GCC_WARN_ABOUT_RETURN_TYPE = YES_ERROR;
				GCC_WARN_UNDECLARED_SELECTOR = YES;
				GCC_WARN_UNINITIALIZED_AUTOS = YES_AGGRESSIVE;
				GCC_WARN_UNUSED_FUNCTION = YES;
				GCC_WARN_UNUSED_VARIABLE = YES;
				IPHONEOS_DEPLOYMENT_TARGET = 17.0;
				LOCALIZATION_PREFERS_STRING_CATALOGS = YES;
				MTL_ENABLE_DEBUG_INFO = INCLUDE_SOURCE;
				MTL_FAST_MATH = YES;
				ONLY_ACTIVE_ARCH = YES;
				SDKROOT = iphoneos;
				SWIFT_ACTIVE_COMPILATION_CONDITIONS = "DEBUG $(inherited)";
				SWIFT_OPTIMIZATION_LEVEL = "-Onone";
			};
			name = Debug;
		};
		CD4375352B0DFF7B00B2F069 /* Release */ = {
			isa = XCBuildConfiguration;
			buildSettings = {
				ALWAYS_SEARCH_USER_PATHS = NO;
				ASSETCATALOG_COMPILER_GENERATE_SWIFT_ASSET_SYMBOL_EXTENSIONS = YES;
				CLANG_ANALYZER_NONNULL = YES;
				CLANG_ANALYZER_NUMBER_OBJECT_CONVERSION = YES_AGGRESSIVE;
				CLANG_CXX_LANGUAGE_STANDARD = "gnu++20";
				CLANG_ENABLE_MODULES = YES;
				CLANG_ENABLE_OBJC_ARC = YES;
				CLANG_ENABLE_OBJC_WEAK = YES;
				CLANG_WARN_BLOCK_CAPTURE_AUTORELEASING = YES;
				CLANG_WARN_BOOL_CONVERSION = YES;
				CLANG_WARN_COMMA = YES;
				CLANG_WARN_CONSTANT_CONVERSION = YES;
				CLANG_WARN_DEPRECATED_OBJC_IMPLEMENTATIONS = YES;
				CLANG_WARN_DIRECT_OBJC_ISA_USAGE = YES_ERROR;
				CLANG_WARN_DOCUMENTATION_COMMENTS = YES;
				CLANG_WARN_EMPTY_BODY = YES;
				CLANG_WARN_ENUM_CONVERSION = YES;
				CLANG_WARN_INFINITE_RECURSION = YES;
				CLANG_WARN_INT_CONVERSION = YES;
				CLANG_WARN_NON_LITERAL_NULL_CONVERSION = YES;
				CLANG_WARN_OBJC_IMPLICIT_RETAIN_SELF = YES;
				CLANG_WARN_OBJC_LITERAL_CONVERSION = YES;
				CLANG_WARN_OBJC_ROOT_CLASS = YES_ERROR;
				CLANG_WARN_QUOTED_INCLUDE_IN_FRAMEWORK_HEADER = YES;
				CLANG_WARN_RANGE_LOOP_ANALYSIS = YES;
				CLANG_WARN_STRICT_PROTOTYPES = YES;
				CLANG_WARN_SUSPICIOUS_MOVE = YES;
				CLANG_WARN_UNGUARDED_AVAILABILITY = YES_AGGRESSIVE;
				CLANG_WARN_UNREACHABLE_CODE = YES;
				CLANG_WARN__DUPLICATE_METHOD_MATCH = YES;
				COPY_PHASE_STRIP = NO;
				DEBUG_INFORMATION_FORMAT = "dwarf-with-dsym";
				ENABLE_NS_ASSERTIONS = NO;
				ENABLE_STRICT_OBJC_MSGSEND = YES;
				ENABLE_USER_SCRIPT_SANDBOXING = YES;
				GCC_C_LANGUAGE_STANDARD = gnu17;
				GCC_NO_COMMON_BLOCKS = YES;
				GCC_WARN_64_TO_32_BIT_CONVERSION = YES;
				GCC_WARN_ABOUT_RETURN_TYPE = YES_ERROR;
				GCC_WARN_UNDECLARED_SELECTOR = YES;
				GCC_WARN_UNINITIALIZED_AUTOS = YES_AGGRESSIVE;
				GCC_WARN_UNUSED_FUNCTION = YES;
				GCC_WARN_UNUSED_VARIABLE = YES;
				IPHONEOS_DEPLOYMENT_TARGET = 17.0;
				LOCALIZATION_PREFERS_STRING_CATALOGS = YES;
				MTL_ENABLE_DEBUG_INFO = NO;
				MTL_FAST_MATH = YES;
				SDKROOT = iphoneos;
				SWIFT_COMPILATION_MODE = wholemodule;
				VALIDATE_PRODUCT = YES;
			};
			name = Release;
		};
		CD4375372B0DFF7B00B2F069 /* Debug */ = {
			isa = XCBuildConfiguration;
			buildSettings = {
				ASSETCATALOG_COMPILER_APPICON_NAME = AppIcon;
				ASSETCATALOG_COMPILER_GLOBAL_ACCENT_COLOR_NAME = AccentColor;
				CODE_SIGN_STYLE = Automatic;
				CURRENT_PROJECT_VERSION = 1;
				DEVELOPMENT_ASSET_PATHS = "\"CryptoCurrency/Preview Content\"";
				ENABLE_PREVIEWS = YES;
				GENERATE_INFOPLIST_FILE = YES;
				INFOPLIST_KEY_UIApplicationSceneManifest_Generation = YES;
				INFOPLIST_KEY_UIApplicationSupportsIndirectInputEvents = YES;
				INFOPLIST_KEY_UILaunchScreen_Generation = YES;
				INFOPLIST_KEY_UISupportedInterfaceOrientations_iPad = "UIInterfaceOrientationPortrait UIInterfaceOrientationPortraitUpsideDown UIInterfaceOrientationLandscapeLeft UIInterfaceOrientationLandscapeRight";
				INFOPLIST_KEY_UISupportedInterfaceOrientations_iPhone = "UIInterfaceOrientationPortrait UIInterfaceOrientationLandscapeLeft UIInterfaceOrientationLandscapeRight";
				LD_RUNPATH_SEARCH_PATHS = (
					"$(inherited)",
					"@executable_path/Frameworks",
				);
				MARKETING_VERSION = 1.0;
				PRODUCT_BUNDLE_IDENTIFIER = com.iosDevMo.CryptoCurrency;
				PRODUCT_NAME = "$(TARGET_NAME)";
				SWIFT_EMIT_LOC_STRINGS = YES;
				SWIFT_VERSION = 5.0;
				TARGETED_DEVICE_FAMILY = "1,2";
			};
			name = Debug;
		};
		CD4375382B0DFF7B00B2F069 /* Release */ = {
			isa = XCBuildConfiguration;
			buildSettings = {
				ASSETCATALOG_COMPILER_APPICON_NAME = AppIcon;
				ASSETCATALOG_COMPILER_GLOBAL_ACCENT_COLOR_NAME = AccentColor;
				CODE_SIGN_STYLE = Automatic;
				CURRENT_PROJECT_VERSION = 1;
				DEVELOPMENT_ASSET_PATHS = "\"CryptoCurrency/Preview Content\"";
				ENABLE_PREVIEWS = YES;
				GENERATE_INFOPLIST_FILE = YES;
				INFOPLIST_KEY_UIApplicationSceneManifest_Generation = YES;
				INFOPLIST_KEY_UIApplicationSupportsIndirectInputEvents = YES;
				INFOPLIST_KEY_UILaunchScreen_Generation = YES;
				INFOPLIST_KEY_UISupportedInterfaceOrientations_iPad = "UIInterfaceOrientationPortrait UIInterfaceOrientationPortraitUpsideDown UIInterfaceOrientationLandscapeLeft UIInterfaceOrientationLandscapeRight";
				INFOPLIST_KEY_UISupportedInterfaceOrientations_iPhone = "UIInterfaceOrientationPortrait UIInterfaceOrientationLandscapeLeft UIInterfaceOrientationLandscapeRight";
				LD_RUNPATH_SEARCH_PATHS = (
					"$(inherited)",
					"@executable_path/Frameworks",
				);
				MARKETING_VERSION = 1.0;
				PRODUCT_BUNDLE_IDENTIFIER = com.iosDevMo.CryptoCurrency;
				PRODUCT_NAME = "$(TARGET_NAME)";
				SWIFT_EMIT_LOC_STRINGS = YES;
				SWIFT_VERSION = 5.0;
				TARGETED_DEVICE_FAMILY = "1,2";
			};
			name = Release;
		};
/* End XCBuildConfiguration section */

/* Begin XCConfigurationList section */
		CD4375232B0DFF7A00B2F069 /* Build configuration list for PBXProject "CryptoCurrency" */ = {
			isa = XCConfigurationList;
			buildConfigurations = (
				CD4375342B0DFF7B00B2F069 /* Debug */,
				CD4375352B0DFF7B00B2F069 /* Release */,
			);
			defaultConfigurationIsVisible = 0;
			defaultConfigurationName = Release;
		};
		CD4375362B0DFF7B00B2F069 /* Build configuration list for PBXNativeTarget "CryptoCurrency" */ = {
			isa = XCConfigurationList;
			buildConfigurations = (
				CD4375372B0DFF7B00B2F069 /* Debug */,
				CD4375382B0DFF7B00B2F069 /* Release */,
			);
			defaultConfigurationIsVisible = 0;
			defaultConfigurationName = Release;
		};
/* End XCConfigurationList section */

/* Begin XCRemoteSwiftPackageReference section */
		CD43754D2B0E740000B2F069 /* XCRemoteSwiftPackageReference "Kingfisher" */ = {
			isa = XCRemoteSwiftPackageReference;
			repositoryURL = "https://github.com/onevcat/Kingfisher.git";
			requirement = {
				kind = upToNextMajorVersion;
				minimumVersion = 7.10.0;
			};
		};
/* End XCRemoteSwiftPackageReference section */

/* Begin XCSwiftPackageProductDependency section */
		CD43754E2B0E740000B2F069 /* Kingfisher */ = {
			isa = XCSwiftPackageProductDependency;
			package = CD43754D2B0E740000B2F069 /* XCRemoteSwiftPackageReference "Kingfisher" */;
			productName = Kingfisher;
		};
/* End XCSwiftPackageProductDependency section */
	};
	rootObject = CD4375202B0DFF7A00B2F069 /* Project object */;
}
